// !$*UTF8*$!
{
	archiveVersion = 1;
	classes = {
	};
	objectVersion = 55;
	objects = {

/* Begin PBXBuildFile section */
		045548A427FFF72B00B9D1DB /* AppDelegate.swift in Sources */ = {isa = PBXBuildFile; fileRef = 045548A327FFF72B00B9D1DB /* AppDelegate.swift */; };
		045548A627FFF72B00B9D1DB /* SceneDelegate.swift in Sources */ = {isa = PBXBuildFile; fileRef = 045548A527FFF72B00B9D1DB /* SceneDelegate.swift */; };
		045548A827FFF72B00B9D1DB /* MainViewController.swift in Sources */ = {isa = PBXBuildFile; fileRef = 045548A727FFF72B00B9D1DB /* MainViewController.swift */; };
		045548AD27FFF72F00B9D1DB /* Assets.xcassets in Resources */ = {isa = PBXBuildFile; fileRef = 045548AC27FFF72F00B9D1DB /* Assets.xcassets */; };
		045548B027FFF72F00B9D1DB /* LaunchScreen.storyboard in Resources */ = {isa = PBXBuildFile; fileRef = 045548AE27FFF72F00B9D1DB /* LaunchScreen.storyboard */; };
		045548B927FFF79300B9D1DB /* SnapKit in Frameworks */ = {isa = PBXBuildFile; productRef = 045548B827FFF79300B9D1DB /* SnapKit */; };
		045548BB2801896200B9D1DB /* Content.plist in Resources */ = {isa = PBXBuildFile; fileRef = 045548BA2801896200B9D1DB /* Content.plist */; };
		045548BD280189CD00B9D1DB /* Content.swift in Sources */ = {isa = PBXBuildFile; fileRef = 045548BC280189CD00B9D1DB /* Content.swift */; };
		045548BF2801901400B9D1DB /* ContentCollectionViewCell.swift in Sources */ = {isa = PBXBuildFile; fileRef = 045548BE2801901400B9D1DB /* ContentCollectionViewCell.swift */; };
		045548C12801967C00B9D1DB /* ContentCollectionViewHeader.swift in Sources */ = {isa = PBXBuildFile; fileRef = 045548C02801967C00B9D1DB /* ContentCollectionViewHeader.swift */; };
		045548C32805A68400B9D1DB /* MainView.swift in Sources */ = {isa = PBXBuildFile; fileRef = 045548C22805A68400B9D1DB /* MainView.swift */; };
		0464CB502808142000F494AE /* ContentCollectionViewMainCell.swift in Sources */ = {isa = PBXBuildFile; fileRef = 0464CB4F2808142000F494AE /* ContentCollectionViewMainCell.swift */; };
		0464CB52280EE59100F494AE /* ContentCollectionViewRankCell.swift in Sources */ = {isa = PBXBuildFile; fileRef = 0464CB51280EE59100F494AE /* ContentCollectionViewRankCell.swift */; };
		0464CB54280F061300F494AE /* UIButton.swift in Sources */ = {isa = PBXBuildFile; fileRef = 0464CB53280F061300F494AE /* UIButton.swift */; };
/* End PBXBuildFile section */

/* Begin PBXFileReference section */
		045548A027FFF72B00B9D1DB /* Netflix-SeSac-Refactoring.app */ = {isa = PBXFileReference; explicitFileType = wrapper.application; includeInIndex = 0; path = "Netflix-SeSac-Refactoring.app"; sourceTree = BUILT_PRODUCTS_DIR; };
		045548A327FFF72B00B9D1DB /* AppDelegate.swift */ = {isa = PBXFileReference; lastKnownFileType = sourcecode.swift; path = AppDelegate.swift; sourceTree = "<group>"; };
		045548A527FFF72B00B9D1DB /* SceneDelegate.swift */ = {isa = PBXFileReference; lastKnownFileType = sourcecode.swift; path = SceneDelegate.swift; sourceTree = "<group>"; };
		045548A727FFF72B00B9D1DB /* MainViewController.swift */ = {isa = PBXFileReference; lastKnownFileType = sourcecode.swift; path = MainViewController.swift; sourceTree = "<group>"; };
		045548AC27FFF72F00B9D1DB /* Assets.xcassets */ = {isa = PBXFileReference; lastKnownFileType = folder.assetcatalog; path = Assets.xcassets; sourceTree = "<group>"; };
		045548AF27FFF72F00B9D1DB /* Base */ = {isa = PBXFileReference; lastKnownFileType = file.storyboard; name = Base; path = Base.lproj/LaunchScreen.storyboard; sourceTree = "<group>"; };
		045548B127FFF72F00B9D1DB /* Info.plist */ = {isa = PBXFileReference; lastKnownFileType = text.plist.xml; path = Info.plist; sourceTree = "<group>"; };
		045548BA2801896200B9D1DB /* Content.plist */ = {isa = PBXFileReference; fileEncoding = 4; lastKnownFileType = text.plist.xml; name = Content.plist; path = "../../part3.-intermediate--21.10-업데이트-/Part 3/Ch6_NetflixStyle/Content.plist"; sourceTree = "<group>"; };
		045548BC280189CD00B9D1DB /* Content.swift */ = {isa = PBXFileReference; lastKnownFileType = sourcecode.swift; path = Content.swift; sourceTree = "<group>"; };
		045548BE2801901400B9D1DB /* ContentCollectionViewCell.swift */ = {isa = PBXFileReference; lastKnownFileType = sourcecode.swift; path = ContentCollectionViewCell.swift; sourceTree = "<group>"; };
		045548C02801967C00B9D1DB /* ContentCollectionViewHeader.swift */ = {isa = PBXFileReference; lastKnownFileType = sourcecode.swift; path = ContentCollectionViewHeader.swift; sourceTree = "<group>"; };
		045548C22805A68400B9D1DB /* MainView.swift */ = {isa = PBXFileReference; lastKnownFileType = sourcecode.swift; path = MainView.swift; sourceTree = "<group>"; };
		0464CB4F2808142000F494AE /* ContentCollectionViewMainCell.swift */ = {isa = PBXFileReference; lastKnownFileType = sourcecode.swift; path = ContentCollectionViewMainCell.swift; sourceTree = "<group>"; };
		0464CB51280EE59100F494AE /* ContentCollectionViewRankCell.swift */ = {isa = PBXFileReference; lastKnownFileType = sourcecode.swift; path = ContentCollectionViewRankCell.swift; sourceTree = "<group>"; };
		0464CB53280F061300F494AE /* UIButton.swift */ = {isa = PBXFileReference; lastKnownFileType = sourcecode.swift; path = UIButton.swift; sourceTree = "<group>"; };
/* End PBXFileReference section */

/* Begin PBXFrameworksBuildPhase section */
		0455489D27FFF72B00B9D1DB /* Frameworks */ = {
			isa = PBXFrameworksBuildPhase;
			buildActionMask = 2147483647;
			files = (
				045548B927FFF79300B9D1DB /* SnapKit in Frameworks */,
			);
			runOnlyForDeploymentPostprocessing = 0;
		};
/* End PBXFrameworksBuildPhase section */

/* Begin PBXGroup section */
		0455489727FFF72B00B9D1DB = {
			isa = PBXGroup;
			children = (
				045548A227FFF72B00B9D1DB /* Netflix-SeSac-Refactoring */,
				045548A127FFF72B00B9D1DB /* Products */,
			);
			sourceTree = "<group>";
		};
		045548A127FFF72B00B9D1DB /* Products */ = {
			isa = PBXGroup;
			children = (
				045548A027FFF72B00B9D1DB /* Netflix-SeSac-Refactoring.app */,
			);
			name = Products;
			sourceTree = "<group>";
		};
		045548A227FFF72B00B9D1DB /* Netflix-SeSac-Refactoring */ = {
			isa = PBXGroup;
			children = (
				045548A327FFF72B00B9D1DB /* AppDelegate.swift */,
				045548A527FFF72B00B9D1DB /* SceneDelegate.swift */,
				045548A727FFF72B00B9D1DB /* MainViewController.swift */,
				045548C22805A68400B9D1DB /* MainView.swift */,
				045548BE2801901400B9D1DB /* ContentCollectionViewCell.swift */,
				0464CB4F2808142000F494AE /* ContentCollectionViewMainCell.swift */,
				0464CB51280EE59100F494AE /* ContentCollectionViewRankCell.swift */,
				045548C02801967C00B9D1DB /* ContentCollectionViewHeader.swift */,
				0464CB53280F061300F494AE /* UIButton.swift */,
				045548AC27FFF72F00B9D1DB /* Assets.xcassets */,
				045548AE27FFF72F00B9D1DB /* LaunchScreen.storyboard */,
				045548B127FFF72F00B9D1DB /* Info.plist */,
				045548BA2801896200B9D1DB /* Content.plist */,
				045548BC280189CD00B9D1DB /* Content.swift */,
			);
			path = "Netflix-SeSac-Refactoring";
			sourceTree = "<group>";
		};
/* End PBXGroup section */

/* Begin PBXNativeTarget section */
		0455489F27FFF72B00B9D1DB /* Netflix-SeSac-Refactoring */ = {
			isa = PBXNativeTarget;
			buildConfigurationList = 045548B427FFF72F00B9D1DB /* Build configuration list for PBXNativeTarget "Netflix-SeSac-Refactoring" */;
			buildPhases = (
				0455489C27FFF72B00B9D1DB /* Sources */,
				0455489D27FFF72B00B9D1DB /* Frameworks */,
				0455489E27FFF72B00B9D1DB /* Resources */,
			);
			buildRules = (
			);
			dependencies = (
			);
			name = "Netflix-SeSac-Refactoring";
			packageProductDependencies = (
				045548B827FFF79300B9D1DB /* SnapKit */,
			);
			productName = "Netflix-SeSac-Refactoring";
			productReference = 045548A027FFF72B00B9D1DB /* Netflix-SeSac-Refactoring.app */;
			productType = "com.apple.product-type.application";
		};
/* End PBXNativeTarget section */

/* Begin PBXProject section */
		0455489827FFF72B00B9D1DB /* Project object */ = {
			isa = PBXProject;
			attributes = {
				BuildIndependentTargetsInParallel = 1;
				LastSwiftUpdateCheck = 1330;
				LastUpgradeCheck = 1330;
				TargetAttributes = {
					0455489F27FFF72B00B9D1DB = {
						CreatedOnToolsVersion = 13.3;
					};
				};
			};
			buildConfigurationList = 0455489B27FFF72B00B9D1DB /* Build configuration list for PBXProject "Netflix-SeSac-Refactoring" */;
			compatibilityVersion = "Xcode 13.0";
			developmentRegion = en;
			hasScannedForEncodings = 0;
			knownRegions = (
				en,
				Base,
			);
			mainGroup = 0455489727FFF72B00B9D1DB;
			packageReferences = (
				045548B727FFF79300B9D1DB /* XCRemoteSwiftPackageReference "SnapKit" */,
			);
			productRefGroup = 045548A127FFF72B00B9D1DB /* Products */;
			projectDirPath = "";
			projectRoot = "";
			targets = (
				0455489F27FFF72B00B9D1DB /* Netflix-SeSac-Refactoring */,
			);
		};
/* End PBXProject section */

/* Begin PBXResourcesBuildPhase section */
		0455489E27FFF72B00B9D1DB /* Resources */ = {
			isa = PBXResourcesBuildPhase;
			buildActionMask = 2147483647;
			files = (
				045548B027FFF72F00B9D1DB /* LaunchScreen.storyboard in Resources */,
				045548AD27FFF72F00B9D1DB /* Assets.xcassets in Resources */,
				045548BB2801896200B9D1DB /* Content.plist in Resources */,
			);
			runOnlyForDeploymentPostprocessing = 0;
		};
/* End PBXResourcesBuildPhase section */

/* Begin PBXSourcesBuildPhase section */
		0455489C27FFF72B00B9D1DB /* Sources */ = {
			isa = PBXSourcesBuildPhase;
			buildActionMask = 2147483647;
			files = (
				045548A827FFF72B00B9D1DB /* MainViewController.swift in Sources */,
				045548C32805A68400B9D1DB /* MainView.swift in Sources */,
				0464CB52280EE59100F494AE /* ContentCollectionViewRankCell.swift in Sources */,
				045548C12801967C00B9D1DB /* ContentCollectionViewHeader.swift in Sources */,
				045548A427FFF72B00B9D1DB /* AppDelegate.swift in Sources */,
				0464CB54280F061300F494AE /* UIButton.swift in Sources */,
				0464CB502808142000F494AE /* ContentCollectionViewMainCell.swift in Sources */,
				045548A627FFF72B00B9D1DB /* SceneDelegate.swift in Sources */,
				045548BD280189CD00B9D1DB /* Content.swift in Sources */,
				045548BF2801901400B9D1DB /* ContentCollectionViewCell.swift in Sources */,
			);
			runOnlyForDeploymentPostprocessing = 0;
		};
/* End PBXSourcesBuildPhase section */

/* Begin PBXVariantGroup section */
		045548AE27FFF72F00B9D1DB /* LaunchScreen.storyboard */ = {
			isa = PBXVariantGroup;
			children = (
				045548AF27FFF72F00B9D1DB /* Base */,
			);
			name = LaunchScreen.storyboard;
			sourceTree = "<group>";
		};
/* End PBXVariantGroup section */

/* Begin XCBuildConfiguration section */
		045548B227FFF72F00B9D1DB /* Debug */ = {
			isa = XCBuildConfiguration;
			buildSettings = {
				ALWAYS_SEARCH_USER_PATHS = NO;
				CLANG_ANALYZER_NONNULL = YES;
				CLANG_ANALYZER_NUMBER_OBJECT_CONVERSION = YES_AGGRESSIVE;
				CLANG_CXX_LANGUAGE_STANDARD = "gnu++17";
				CLANG_ENABLE_MODULES = YES;
				CLANG_ENABLE_OBJC_ARC = YES;
				CLANG_ENABLE_OBJC_WEAK = YES;
				CLANG_WARN_BLOCK_CAPTURE_AUTORELEASING = YES;
				CLANG_WARN_BOOL_CONVERSION = YES;
				CLANG_WARN_COMMA = YES;
				CLANG_WARN_CONSTANT_CONVERSION = YES;
				CLANG_WARN_DEPRECATED_OBJC_IMPLEMENTATIONS = YES;
				CLANG_WARN_DIRECT_OBJC_ISA_USAGE = YES_ERROR;
				CLANG_WARN_DOCUMENTATION_COMMENTS = YES;
				CLANG_WARN_EMPTY_BODY = YES;
				CLANG_WARN_ENUM_CONVERSION = YES;
				CLANG_WARN_INFINITE_RECURSION = YES;
				CLANG_WARN_INT_CONVERSION = YES;
				CLANG_WARN_NON_LITERAL_NULL_CONVERSION = YES;
				CLANG_WARN_OBJC_IMPLICIT_RETAIN_SELF = YES;
				CLANG_WARN_OBJC_LITERAL_CONVERSION = YES;
				CLANG_WARN_OBJC_ROOT_CLASS = YES_ERROR;
				CLANG_WARN_QUOTED_INCLUDE_IN_FRAMEWORK_HEADER = YES;
				CLANG_WARN_RANGE_LOOP_ANALYSIS = YES;
				CLANG_WARN_STRICT_PROTOTYPES = YES;
				CLANG_WARN_SUSPICIOUS_MOVE = YES;
				CLANG_WARN_UNGUARDED_AVAILABILITY = YES_AGGRESSIVE;
				CLANG_WARN_UNREACHABLE_CODE = YES;
				CLANG_WARN__DUPLICATE_METHOD_MATCH = YES;
				COPY_PHASE_STRIP = NO;
				DEBUG_INFORMATION_FORMAT = dwarf;
				ENABLE_STRICT_OBJC_MSGSEND = YES;
				ENABLE_TESTABILITY = YES;
				GCC_C_LANGUAGE_STANDARD = gnu11;
				GCC_DYNAMIC_NO_PIC = NO;
				GCC_NO_COMMON_BLOCKS = YES;
				GCC_OPTIMIZATION_LEVEL = 0;
				GCC_PREPROCESSOR_DEFINITIONS = (
					"DEBUG=1",
					"$(inherited)",
				);
				GCC_WARN_64_TO_32_BIT_CONVERSION = YES;
				GCC_WARN_ABOUT_RETURN_TYPE = YES_ERROR;
				GCC_WARN_UNDECLARED_SELECTOR = YES;
				GCC_WARN_UNINITIALIZED_AUTOS = YES_AGGRESSIVE;
				GCC_WARN_UNUSED_FUNCTION = YES;
				GCC_WARN_UNUSED_VARIABLE = YES;
				IPHONEOS_DEPLOYMENT_TARGET = 15.4;
				MTL_ENABLE_DEBUG_INFO = INCLUDE_SOURCE;
				MTL_FAST_MATH = YES;
				ONLY_ACTIVE_ARCH = YES;
				SDKROOT = iphoneos;
				SWIFT_ACTIVE_COMPILATION_CONDITIONS = DEBUG;
				SWIFT_OPTIMIZATION_LEVEL = "-Onone";
			};
			name = Debug;
		};
		045548B327FFF72F00B9D1DB /* Release */ = {
			isa = XCBuildConfiguration;
			buildSettings = {
				ALWAYS_SEARCH_USER_PATHS = NO;
				CLANG_ANALYZER_NONNULL = YES;
				CLANG_ANALYZER_NUMBER_OBJECT_CONVERSION = YES_AGGRESSIVE;
				CLANG_CXX_LANGUAGE_STANDARD = "gnu++17";
				CLANG_ENABLE_MODULES = YES;
				CLANG_ENABLE_OBJC_ARC = YES;
				CLANG_ENABLE_OBJC_WEAK = YES;
				CLANG_WARN_BLOCK_CAPTURE_AUTORELEASING = YES;
				CLANG_WARN_BOOL_CONVERSION = YES;
				CLANG_WARN_COMMA = YES;
				CLANG_WARN_CONSTANT_CONVERSION = YES;
				CLANG_WARN_DEPRECATED_OBJC_IMPLEMENTATIONS = YES;
				CLANG_WARN_DIRECT_OBJC_ISA_USAGE = YES_ERROR;
				CLANG_WARN_DOCUMENTATION_COMMENTS = YES;
				CLANG_WARN_EMPTY_BODY = YES;
				CLANG_WARN_ENUM_CONVERSION = YES;
				CLANG_WARN_INFINITE_RECURSION = YES;
				CLANG_WARN_INT_CONVERSION = YES;
				CLANG_WARN_NON_LITERAL_NULL_CONVERSION = YES;
				CLANG_WARN_OBJC_IMPLICIT_RETAIN_SELF = YES;
				CLANG_WARN_OBJC_LITERAL_CONVERSION = YES;
				CLANG_WARN_OBJC_ROOT_CLASS = YES_ERROR;
				CLANG_WARN_QUOTED_INCLUDE_IN_FRAMEWORK_HEADER = YES;
				CLANG_WARN_RANGE_LOOP_ANALYSIS = YES;
				CLANG_WARN_STRICT_PROTOTYPES = YES;
				CLANG_WARN_SUSPICIOUS_MOVE = YES;
				CLANG_WARN_UNGUARDED_AVAILABILITY = YES_AGGRESSIVE;
				CLANG_WARN_UNREACHABLE_CODE = YES;
				CLANG_WARN__DUPLICATE_METHOD_MATCH = YES;
				COPY_PHASE_STRIP = NO;
				DEBUG_INFORMATION_FORMAT = "dwarf-with-dsym";
				ENABLE_NS_ASSERTIONS = NO;
				ENABLE_STRICT_OBJC_MSGSEND = YES;
				GCC_C_LANGUAGE_STANDARD = gnu11;
				GCC_NO_COMMON_BLOCKS = YES;
				GCC_WARN_64_TO_32_BIT_CONVERSION = YES;
				GCC_WARN_ABOUT_RETURN_TYPE = YES_ERROR;
				GCC_WARN_UNDECLARED_SELECTOR = YES;
				GCC_WARN_UNINITIALIZED_AUTOS = YES_AGGRESSIVE;
				GCC_WARN_UNUSED_FUNCTION = YES;
				GCC_WARN_UNUSED_VARIABLE = YES;
				IPHONEOS_DEPLOYMENT_TARGET = 15.4;
				MTL_ENABLE_DEBUG_INFO = NO;
				MTL_FAST_MATH = YES;
				SDKROOT = iphoneos;
				SWIFT_COMPILATION_MODE = wholemodule;
				SWIFT_OPTIMIZATION_LEVEL = "-O";
				VALIDATE_PRODUCT = YES;
			};
			name = Release;
		};
		045548B527FFF72F00B9D1DB /* Debug */ = {
			isa = XCBuildConfiguration;
			buildSettings = {
				ASSETCATALOG_COMPILER_APPICON_NAME = AppIcon;
				ASSETCATALOG_COMPILER_GLOBAL_ACCENT_COLOR_NAME = AccentColor;
				CODE_SIGN_STYLE = Automatic;
				CURRENT_PROJECT_VERSION = 1;
				DEVELOPMENT_TEAM = 75QD4ZR23L;
				GENERATE_INFOPLIST_FILE = YES;
				INFOPLIST_FILE = "Netflix-SeSac-Refactoring/Info.plist";
				INFOPLIST_KEY_UIApplicationSupportsIndirectInputEvents = YES;
				INFOPLIST_KEY_UILaunchStoryboardName = LaunchScreen;
				INFOPLIST_KEY_UISupportedInterfaceOrientations_iPad = "UIInterfaceOrientationPortrait UIInterfaceOrientationPortraitUpsideDown UIInterfaceOrientationLandscapeLeft UIInterfaceOrientationLandscapeRight";
				INFOPLIST_KEY_UISupportedInterfaceOrientations_iPhone = "UIInterfaceOrientationPortrait UIInterfaceOrientationLandscapeLeft UIInterfaceOrientationLandscapeRight";
				LD_RUNPATH_SEARCH_PATHS = (
					"$(inherited)",
					"@executable_path/Frameworks",
				);
				MARKETING_VERSION = 1.0;
				PRODUCT_BUNDLE_IDENTIFIER = "com.ssac.Netflix-SeSac-Refactoring";
				PRODUCT_NAME = "$(TARGET_NAME)";
				SWIFT_EMIT_LOC_STRINGS = YES;
				SWIFT_VERSION = 5.0;
				TARGETED_DEVICE_FAMILY = "1,2";
			};
			name = Debug;
		};
		045548B627FFF72F00B9D1DB /* Release */ = {
			isa = XCBuildConfiguration;
			buildSettings = {
				ASSETCATALOG_COMPILER_APPICON_NAME = AppIcon;
				ASSETCATALOG_COMPILER_GLOBAL_ACCENT_COLOR_NAME = AccentColor;
				CODE_SIGN_STYLE = Automatic;
				CURRENT_PROJECT_VERSION = 1;
				DEVELOPMENT_TEAM = 75QD4ZR23L;
				GENERATE_INFOPLIST_FILE = YES;
				INFOPLIST_FILE = "Netflix-SeSac-Refactoring/Info.plist";
				INFOPLIST_KEY_UIApplicationSupportsIndirectInputEvents = YES;
				INFOPLIST_KEY_UILaunchStoryboardName = LaunchScreen;
				INFOPLIST_KEY_UISupportedInterfaceOrientations_iPad = "UIInterfaceOrientationPortrait UIInterfaceOrientationPortraitUpsideDown UIInterfaceOrientationLandscapeLeft UIInterfaceOrientationLandscapeRight";
				INFOPLIST_KEY_UISupportedInterfaceOrientations_iPhone = "UIInterfaceOrientationPortrait UIInterfaceOrientationLandscapeLeft UIInterfaceOrientationLandscapeRight";
				LD_RUNPATH_SEARCH_PATHS = (
					"$(inherited)",
					"@executable_path/Frameworks",
				);
				MARKETING_VERSION = 1.0;
				PRODUCT_BUNDLE_IDENTIFIER = "com.ssac.Netflix-SeSac-Refactoring";
				PRODUCT_NAME = "$(TARGET_NAME)";
				SWIFT_EMIT_LOC_STRINGS = YES;
				SWIFT_VERSION = 5.0;
				TARGETED_DEVICE_FAMILY = "1,2";
			};
			name = Release;
		};
/* End XCBuildConfiguration section */

/* Begin XCConfigurationList section */
		0455489B27FFF72B00B9D1DB /* Build configuration list for PBXProject "Netflix-SeSac-Refactoring" */ = {
			isa = XCConfigurationList;
			buildConfigurations = (
				045548B227FFF72F00B9D1DB /* Debug */,
				045548B327FFF72F00B9D1DB /* Release */,
			);
			defaultConfigurationIsVisible = 0;
			defaultConfigurationName = Release;
		};
		045548B427FFF72F00B9D1DB /* Build configuration list for PBXNativeTarget "Netflix-SeSac-Refactoring" */ = {
			isa = XCConfigurationList;
			buildConfigurations = (
				045548B527FFF72F00B9D1DB /* Debug */,
				045548B627FFF72F00B9D1DB /* Release */,
			);
			defaultConfigurationIsVisible = 0;
			defaultConfigurationName = Release;
		};
/* End XCConfigurationList section */

/* Begin XCRemoteSwiftPackageReference section */
		045548B727FFF79300B9D1DB /* XCRemoteSwiftPackageReference "SnapKit" */ = {
			isa = XCRemoteSwiftPackageReference;
			repositoryURL = "https://github.com/SnapKit/SnapKit";
			requirement = {
				branch = develop;
				kind = branch;
			};
		};
/* End XCRemoteSwiftPackageReference section */

/* Begin XCSwiftPackageProductDependency section */
		045548B827FFF79300B9D1DB /* SnapKit */ = {
			isa = XCSwiftPackageProductDependency;
			package = 045548B727FFF79300B9D1DB /* XCRemoteSwiftPackageReference "SnapKit" */;
			productName = SnapKit;
		};
/* End XCSwiftPackageProductDependency section */
	};
	rootObject = 0455489827FFF72B00B9D1DB /* Project object */;
}
